# This file was autogenerated by Stack.
# You should not edit this file by hand.
# For more information, please see the documentation at:
#   https://docs.haskellstack.org/en/stable/lock_files

packages:
- completed:
    hackage: PSQueue-1.1.0.1@sha256:498cd3d55e4644afbeaeb4d1df63392cd95826991465099395abb7d0c3ce3e58,1318
    pantry-tree:
      size: 214
      sha256: 20f22262b113ba31601dcdd2c29315f70365ab298f1ddb3a6fb2c6d8cfb07b2a
  original:
    hackage: PSQueue-1.1.0.1
- completed:
    hackage: hex-text-0.1.0.4@sha256:0ea54d08f85324498b2db3480f05efc17eb03177c564fce81dadef53752db2c5,1277
    pantry-tree:
      size: 367
      sha256: b71a67b4c35b8f2650fc833f0a226f2ab8472ff35050f53c0df7bd0ec4da8d17
  original:
    hackage: hex-text-0.1.0.4
snapshots:
- completed:
    size: 586296
    url: https://raw.githubusercontent.com/commercialhaskell/stackage-snapshots/master/lts/18/18.yaml
    sha256: 63539429076b7ebbab6daa7656cfb079393bf644971156dc349d7c0453694ac2
  original:
    url: https://raw.githubusercontent.com/commercialhaskell/stackage-snapshots/master/lts/18/18.yaml
